github.com/nusserstudios/tailbliss v0.0.0-20240805200528-3edf518a071e h1:fgKz71Hcvi67yzVYnl8Mjh1Z2Ni896PXTiBSTpShlSw=
github.com/nusserstudios/tailbliss v0.0.0-20240805200528-3edf518a071e/go.mod h1:M3j6IqtQdtuI00xn0zi+RGcva3zJtzrMbk15nJaZJCU=
github.com/opera7133/tella v0.0.0-20240804123559-f5790de3802b h1:iLq8EP5A/ngJHKfercRz0UVEXUr4+TehleKtsc8tJNc=
github.com/opera7133/tella v0.0.0-20240804123559-f5790de3802b/go.mod h1:j7ZoKp/XI0LAPBbwxcigWRmicJlc9ufkdUssH9JR524=
github.com/theNewDynamic/gohugo-theme-ananke v0.0.0-20240503174335-33fbda0e9d3e h1:7gGo4gWBXKqjctzjetYSPhOGJKbVBsNgkiv5oJ3LgJc=
github.com/theNewDynamic/gohugo-theme-ananke v0.0.0-20240503174335-33fbda0e9d3e/go.mod h1:yY14BLqqh5G61rO81YcJKMHY1rClY5iIiUK+K2JKSUM=
gitlab.com/writeonlyhugo/up-business-theme v0.0.0-20230808030904-a060a033be09 h1:gF4tnL1kwRFmR/BbnYzYiMffO+EpVTdHk3zt9F2EAqU=
gitlab.com/writeonlyhugo/up-business-theme v0.0.0-20230808030904-a060a033be09/go.mod h1:aZWWmrXEJfO3TIpor98gs7XCl02bfP7gR1D4FzSqGVc=
